
Microsoft Visual Studio Solution File, Format Version 12.00
# Visual Studio 15
VisualStudioVersion = 15.0.27703.2047
MinimumVisualStudioVersion = 10.0.40219.1
Project("{FAE04EC0-301F-11D3-BF4B-00C04F79EFBC}") = "Chap1_BasicWindowsEvents", "Chap1_BasicWindowsEvents\Chap1_BasicWindowsEvents.csproj", "{194987F5-B1D6-4FD0-B841-6B4C053F88EE}"
EndProject
Project("{FAE04EC0-301F-11D3-BF4B-00C04F79EFBC}") = "Chap1_BasicWebEvents", "WebApplication2\Chap1_BasicWebEvents.csproj", "{45427AC5-5E9E-422F-9B03-8EC9A367AD89}"
EndProject
Project("{FAE04EC0-301F-11D3-BF4B-00C04F79EFBC}") = "Chap2_DelegaatesAndEvents", "Chap2_DelegaatesAndEvents\Chap2_DelegaatesAndEvents.csproj", "{893C286E-CECA-4F74-BCB3-C69E157E5FC0}"
EndProject
Project("{FAE04EC0-301F-11D3-BF4B-00C04F79EFBC}") = "Chap3_DelegatesAndEvents", "Chap3_DelegatesAndEvents\Chap3_DelegatesAndEvents.csproj", "{5B6A648B-ED17-4440-874D-DAFF954C0CF1}"
EndProject
Project("{FAE04EC0-301F-11D3-BF4B-00C04F79EFBC}") = "Chap4_LambdasAndDelegates", "Chap4_LambdasAndDelegates\Chap4_LambdasAndDelegates.csproj", "{1BA052C7-8051-4423-B1E3-C192C904D457}"
EndProject
Project("{FAE04EC0-301F-11D3-BF4B-00C04F79EFBC}") = "Chap5_EventsAndDelegates_InAction", "Chap5_EventsAndDelegates_InAction\Chap5_EventsAndDelegates_InAction.csproj", "{736ED9F7-3881-4B63-8634-3AFBE112B514}"
EndProject
Project("{FAE04EC0-301F-11D3-BF4B-00C04F79EFBC}") = "Chap5_CommunicatingBetweenObjects", "Chap5_CommunicatingBetweenObjects\Chap5_CommunicatingBetweenObjects.csproj", "{457392D0-655D-4B39-9FA9-76849DA8B31B}"
EndProject
Global
	GlobalSection(SolutionConfigurationPlatforms) = preSolution
		Debug|Any CPU = Debug|Any CPU
		Release|Any CPU = Release|Any CPU
	EndGlobalSection
	GlobalSection(ProjectConfigurationPlatforms) = postSolution
		{194987F5-B1D6-4FD0-B841-6B4C053F88EE}.Debug|Any CPU.ActiveCfg = Debug|Any CPU
		{194987F5-B1D6-4FD0-B841-6B4C053F88EE}.Debug|Any CPU.Build.0 = Debug|Any CPU
		{194987F5-B1D6-4FD0-B841-6B4C053F88EE}.Release|Any CPU.ActiveCfg = Release|Any CPU
		{194987F5-B1D6-4FD0-B841-6B4C053F88EE}.Release|Any CPU.Build.0 = Release|Any CPU
		{45427AC5-5E9E-422F-9B03-8EC9A367AD89}.Debug|Any CPU.ActiveCfg = Debug|Any CPU
		{45427AC5-5E9E-422F-9B03-8EC9A367AD89}.Debug|Any CPU.Build.0 = Debug|Any CPU
		{45427AC5-5E9E-422F-9B03-8EC9A367AD89}.Release|Any CPU.ActiveCfg = Release|Any CPU
		{45427AC5-5E9E-422F-9B03-8EC9A367AD89}.Release|Any CPU.Build.0 = Release|Any CPU
		{893C286E-CECA-4F74-BCB3-C69E157E5FC0}.Debug|Any CPU.ActiveCfg = Debug|Any CPU
		{893C286E-CECA-4F74-BCB3-C69E157E5FC0}.Debug|Any CPU.Build.0 = Debug|Any CPU
		{893C286E-CECA-4F74-BCB3-C69E157E5FC0}.Release|Any CPU.ActiveCfg = Release|Any CPU
		{893C286E-CECA-4F74-BCB3-C69E157E5FC0}.Release|Any CPU.Build.0 = Release|Any CPU
		{5B6A648B-ED17-4440-874D-DAFF954C0CF1}.Debug|Any CPU.ActiveCfg = Debug|Any CPU
		{5B6A648B-ED17-4440-874D-DAFF954C0CF1}.Debug|Any CPU.Build.0 = Debug|Any CPU
		{5B6A648B-ED17-4440-874D-DAFF954C0CF1}.Release|Any CPU.ActiveCfg = Release|Any CPU
		{5B6A648B-ED17-4440-874D-DAFF954C0CF1}.Release|Any CPU.Build.0 = Release|Any CPU
		{1BA052C7-8051-4423-B1E3-C192C904D457}.Debug|Any CPU.ActiveCfg = Debug|Any CPU
		{1BA052C7-8051-4423-B1E3-C192C904D457}.Debug|Any CPU.Build.0 = Debug|Any CPU
		{1BA052C7-8051-4423-B1E3-C192C904D457}.Release|Any CPU.ActiveCfg = Release|Any CPU
		{1BA052C7-8051-4423-B1E3-C192C904D457}.Release|Any CPU.Build.0 = Release|Any CPU
		{736ED9F7-3881-4B63-8634-3AFBE112B514}.Debug|Any CPU.ActiveCfg = Debug|Any CPU
		{736ED9F7-3881-4B63-8634-3AFBE112B514}.Debug|Any CPU.Build.0 = Debug|Any CPU
		{736ED9F7-3881-4B63-8634-3AFBE112B514}.Release|Any CPU.ActiveCfg = Release|Any CPU
		{736ED9F7-3881-4B63-8634-3AFBE112B514}.Release|Any CPU.Build.0 = Release|Any CPU
		{457392D0-655D-4B39-9FA9-76849DA8B31B}.Debug|Any CPU.ActiveCfg = Debug|Any CPU
		{457392D0-655D-4B39-9FA9-76849DA8B31B}.Debug|Any CPU.Build.0 = Debug|Any CPU
		{457392D0-655D-4B39-9FA9-76849DA8B31B}.Release|Any CPU.ActiveCfg = Release|Any CPU
		{457392D0-655D-4B39-9FA9-76849DA8B31B}.Release|Any CPU.Build.0 = Release|Any CPU
	EndGlobalSection
	GlobalSection(SolutionProperties) = preSolution
		HideSolutionNode = FALSE
	EndGlobalSection
	GlobalSection(ExtensibilityGlobals) = postSolution
		SolutionGuid = {C677A011-D103-431F-8407-F3E1EA63C085}
	EndGlobalSection
EndGlobal
