
Microsoft Visual Studio Solution File, Format Version 12.00
# Visual Studio 15
VisualStudioVersion = 15.0.27703.2047
MinimumVisualStudioVersion = 10.0.40219.1
Project("{FAE04EC0-301F-11D3-BF4B-00C04F79EFBC}") = "Chap1_BasicWindowsEvents", "Chap1_BasicWindowsEvents\Chap1_BasicWindowsEvents.csproj", "{194987F5-B1D6-4FD0-B841-6B4C053F88EE}"
EndProject
Project("{FAE04EC0-301F-11D3-BF4B-00C04F79EFBC}") = "Chap1_BasicWebEvents", "WebApplication2\Chap1_BasicWebEvents.csproj", "{45427AC5-5E9E-422F-9B03-8EC9A367AD89}"
EndProject
Global
	GlobalSection(SolutionConfigurationPlatforms) = preSolution
		Debug|Any CPU = Debug|Any CPU
		Release|Any CPU = Release|Any CPU
	EndGlobalSection
	GlobalSection(ProjectConfigurationPlatforms) = postSolution
		{194987F5-B1D6-4FD0-B841-6B4C053F88EE}.Debug|Any CPU.ActiveCfg = Debug|Any CPU
		{194987F5-B1D6-4FD0-B841-6B4C053F88EE}.Debug|Any CPU.Build.0 = Debug|Any CPU
		{194987F5-B1D6-4FD0-B841-6B4C053F88EE}.Release|Any CPU.ActiveCfg = Release|Any CPU
		{194987F5-B1D6-4FD0-B841-6B4C053F88EE}.Release|Any CPU.Build.0 = Release|Any CPU
		{45427AC5-5E9E-422F-9B03-8EC9A367AD89}.Debug|Any CPU.ActiveCfg = Debug|Any CPU
		{45427AC5-5E9E-422F-9B03-8EC9A367AD89}.Debug|Any CPU.Build.0 = Debug|Any CPU
		{45427AC5-5E9E-422F-9B03-8EC9A367AD89}.Release|Any CPU.ActiveCfg = Release|Any CPU
		{45427AC5-5E9E-422F-9B03-8EC9A367AD89}.Release|Any CPU.Build.0 = Release|Any CPU
	EndGlobalSection
	GlobalSection(SolutionProperties) = preSolution
		HideSolutionNode = FALSE
	EndGlobalSection
	GlobalSection(ExtensibilityGlobals) = postSolution
		SolutionGuid = {C677A011-D103-431F-8407-F3E1EA63C085}
	EndGlobalSection
EndGlobal
