
Microsoft Visual Studio Solution File, Format Version 12.00
# Visual Studio 15
VisualStudioVersion = 15.0.27703.2047
MinimumVisualStudioVersion = 10.0.40219.1
Project("{FAE04EC0-301F-11D3-BF4B-00C04F79EFBC}") = "PluralSight_EventsDelegatesAndLambda", "PluralSight_EventsDelegatesAndLambda\PluralSight_EventsDelegatesAndLambda.csproj", "{079E187E-9DBC-43C0-869A-3231202E438F}"
EndProject
Global
	GlobalSection(SolutionConfigurationPlatforms) = preSolution
		Debug|Any CPU = Debug|Any CPU
		Release|Any CPU = Release|Any CPU
	EndGlobalSection
	GlobalSection(ProjectConfigurationPlatforms) = postSolution
		{079E187E-9DBC-43C0-869A-3231202E438F}.Debug|Any CPU.ActiveCfg = Debug|Any CPU
		{079E187E-9DBC-43C0-869A-3231202E438F}.Debug|Any CPU.Build.0 = Debug|Any CPU
		{079E187E-9DBC-43C0-869A-3231202E438F}.Release|Any CPU.ActiveCfg = Release|Any CPU
		{079E187E-9DBC-43C0-869A-3231202E438F}.Release|Any CPU.Build.0 = Release|Any CPU
	EndGlobalSection
	GlobalSection(SolutionProperties) = preSolution
		HideSolutionNode = FALSE
	EndGlobalSection
	GlobalSection(ExtensibilityGlobals) = postSolution
		SolutionGuid = {C677A011-D103-431F-8407-F3E1EA63C085}
	EndGlobalSection
EndGlobal
